
Microsoft Visual Studio Solution File, Format Version 12.00
# Visual Studio Version 17
VisualStudioVersion = 17.7.34221.43
MinimumVisualStudioVersion = 10.0.40219.1
Project("{FAE04EC0-301F-11D3-BF4B-00C04F79EFBC}") = "ConsoleApp1", "ConsoleApp1\ConsoleApp1.csproj", "{01F60F3A-B55E-461A-94B5-5DBBB875A727}"
EndProject
Global
	GlobalSection(SolutionConfigurationPlatforms) = preSolution
		Debug|Any CPU = Debug|Any CPU
		Release|Any CPU = Release|Any CPU
	EndGlobalSection
	GlobalSection(ProjectConfigurationPlatforms) = postSolution
		{01F60F3A-B55E-461A-94B5-5DBBB875A727}.Debug|Any CPU.ActiveCfg = Debug|Any CPU
		{01F60F3A-B55E-461A-94B5-5DBBB875A727}.Debug|Any CPU.Build.0 = Debug|Any CPU
		{01F60F3A-B55E-461A-94B5-5DBBB875A727}.Release|Any CPU.ActiveCfg = Release|Any CPU
		{01F60F3A-B55E-461A-94B5-5DBBB875A727}.Release|Any CPU.Build.0 = Release|Any CPU
	EndGlobalSection
	GlobalSection(SolutionProperties) = preSolution
		HideSolutionNode = FALSE
	EndGlobalSection
	GlobalSection(ExtensibilityGlobals) = postSolution
		SolutionGuid = {6D2A1A80-A405-42A9-8A80-CF2B959EA7B5}
	EndGlobalSection
EndGlobal
